{
  "name": "react-native-logcat",
  "version": "0.1.1",
  "lockfileVersion": 1,
  "requires": true,
  "dependencies": {
    "adbkit-logcat": {
      "version": "2.0.1",
      "resolved": "https://registry.npmjs.org/adbkit-logcat/-/adbkit-logcat-2.0.1.tgz",
      "integrity": "sha512-MznVzzEzcrWhIaIyblll+a0AL1TICJe/yuaia7HDYTAtiNabR/9amJkAnLt30U8/W7MVBc3mvU1jB/6MJ/TYHw=="
    }
  }
}
